// !$*UTF8*$!
{
	archiveVersion = 1;
	classes = {
	};
	objectVersion = 46;
	objects = {

/* Begin PBXBuildFile section */
		06ABDAC9E3BE01F2BA3C75D8 /* Pods_ZhongWenKaraoke.framework in Frameworks */ = {isa = PBXBuildFile; fileRef = 98152240278FCE4AAEFA8E34 /* Pods_ZhongWenKaraoke.framework */; };
		339B7EC402F9E0053F1B79D1 /* Pods_ZhongWenKaraokeTests.framework in Frameworks */ = {isa = PBXBuildFile; fileRef = 88101D6CFFA3A3351B8F644C /* Pods_ZhongWenKaraokeTests.framework */; };
		9734DF0FA28B0BAEA0B169E7 /* Pods_ZhongWenKaraokeUITests.framework in Frameworks */ = {isa = PBXBuildFile; fileRef = 42B90D26F0D16B02C4E951ED /* Pods_ZhongWenKaraokeUITests.framework */; };
		CD23745B1F223D4E00995105 /* XCTestCase+extensions.swift in Sources */ = {isa = PBXBuildFile; fileRef = CD23745A1F223D4E00995105 /* XCTestCase+extensions.swift */; };
		CD3EF47A1F1F74BA009036F2 /* AppDelegate.swift in Sources */ = {isa = PBXBuildFile; fileRef = CD3EF4791F1F74BA009036F2 /* AppDelegate.swift */; };
		CD3EF47C1F1F74BA009036F2 /* ViewController.swift in Sources */ = {isa = PBXBuildFile; fileRef = CD3EF47B1F1F74BA009036F2 /* ViewController.swift */; };
		CD3EF47F1F1F74BA009036F2 /* Main.storyboard in Resources */ = {isa = PBXBuildFile; fileRef = CD3EF47D1F1F74BA009036F2 /* Main.storyboard */; };
		CD3EF4811F1F74BA009036F2 /* Assets.xcassets in Resources */ = {isa = PBXBuildFile; fileRef = CD3EF4801F1F74BA009036F2 /* Assets.xcassets */; };
		CD3EF4841F1F74BA009036F2 /* LaunchScreen.storyboard in Resources */ = {isa = PBXBuildFile; fileRef = CD3EF4821F1F74BA009036F2 /* LaunchScreen.storyboard */; };
		CD3EF49A1F1F74BA009036F2 /* ZhongWenKaraokeUITests.swift in Sources */ = {isa = PBXBuildFile; fileRef = CD3EF4991F1F74BA009036F2 /* ZhongWenKaraokeUITests.swift */; };
		CD4AA6ED1F1F8E290040627E /* MiguDataServiceTests.swift in Sources */ = {isa = PBXBuildFile; fileRef = CD4AA6EC1F1F8E290040627E /* MiguDataServiceTests.swift */; };
		CD4AA6F01F1F8E880040627E /* MiguDataService.swift in Sources */ = {isa = PBXBuildFile; fileRef = CD4AA6EF1F1F8E880040627E /* MiguDataService.swift */; };
		CD4AA6F61F201ABF0040627E /* miguTopPage.html in Resources */ = {isa = PBXBuildFile; fileRef = CD4AA6F51F201ABF0040627E /* miguTopPage.html */; };
		CD4AA6F91F20EB4B0040627E /* MiguSong.swift in Sources */ = {isa = PBXBuildFile; fileRef = CD4AA6F81F20EB4B0040627E /* MiguSong.swift */; };
		CD4AA6FB1F214BDA0040627E /* lyrics.json in Resources */ = {isa = PBXBuildFile; fileRef = CD4AA6FA1F214BDA0040627E /* lyrics.json */; };
		CD4AA6FF1F2155230040627E /* MiguSongTests.swift in Sources */ = {isa = PBXBuildFile; fileRef = CD4AA6FE1F2155230040627E /* MiguSongTests.swift */; };
		CD4AA7011F2162600040627E /* songDetails.json in Resources */ = {isa = PBXBuildFile; fileRef = CD4AA7001F2162600040627E /* songDetails.json */; };
		CD4AA7031F2163320040627E /* MiguSongDetails.swift in Sources */ = {isa = PBXBuildFile; fileRef = CD4AA7021F2163320040627E /* MiguSongDetails.swift */; };
		CD4AA7051F2163980040627E /* MiguSongDetailsTests.swift in Sources */ = {isa = PBXBuildFile; fileRef = CD4AA7041F2163970040627E /* MiguSongDetailsTests.swift */; };
/* End PBXBuildFile section */

/* Begin PBXContainerItemProxy section */
		CD3EF48B1F1F74BA009036F2 /* PBXContainerItemProxy */ = {
			isa = PBXContainerItemProxy;
			containerPortal = CD3EF46E1F1F74BA009036F2 /* Project object */;
			proxyType = 1;
			remoteGlobalIDString = CD3EF4751F1F74BA009036F2;
			remoteInfo = ZhongWenKaraoke;
		};
		CD3EF4961F1F74BA009036F2 /* PBXContainerItemProxy */ = {
			isa = PBXContainerItemProxy;
			containerPortal = CD3EF46E1F1F74BA009036F2 /* Project object */;
			proxyType = 1;
			remoteGlobalIDString = CD3EF4751F1F74BA009036F2;
			remoteInfo = ZhongWenKaraoke;
		};
/* End PBXContainerItemProxy section */

/* Begin PBXFileReference section */
		2F6635FD7370624CA34AE853 /* Pods-ZhongWenKaraokeTests.release.xcconfig */ = {isa = PBXFileReference; includeInIndex = 1; lastKnownFileType = text.xcconfig; name = "Pods-ZhongWenKaraokeTests.release.xcconfig"; path = "Pods/Target Support Files/Pods-ZhongWenKaraokeTests/Pods-ZhongWenKaraokeTests.release.xcconfig"; sourceTree = "<group>"; };
		33D0D7D6A048DD6DB3218371 /* Pods-ZhongWenKaraokeUITests.release.xcconfig */ = {isa = PBXFileReference; includeInIndex = 1; lastKnownFileType = text.xcconfig; name = "Pods-ZhongWenKaraokeUITests.release.xcconfig"; path = "Pods/Target Support Files/Pods-ZhongWenKaraokeUITests/Pods-ZhongWenKaraokeUITests.release.xcconfig"; sourceTree = "<group>"; };
		42B90D26F0D16B02C4E951ED /* Pods_ZhongWenKaraokeUITests.framework */ = {isa = PBXFileReference; explicitFileType = wrapper.framework; includeInIndex = 0; path = Pods_ZhongWenKaraokeUITests.framework; sourceTree = BUILT_PRODUCTS_DIR; };
		88101D6CFFA3A3351B8F644C /* Pods_ZhongWenKaraokeTests.framework */ = {isa = PBXFileReference; explicitFileType = wrapper.framework; includeInIndex = 0; path = Pods_ZhongWenKaraokeTests.framework; sourceTree = BUILT_PRODUCTS_DIR; };
		8F290931C3A47698A4F8B4EE /* Pods-ZhongWenKaraoke.release.xcconfig */ = {isa = PBXFileReference; includeInIndex = 1; lastKnownFileType = text.xcconfig; name = "Pods-ZhongWenKaraoke.release.xcconfig"; path = "Pods/Target Support Files/Pods-ZhongWenKaraoke/Pods-ZhongWenKaraoke.release.xcconfig"; sourceTree = "<group>"; };
		98152240278FCE4AAEFA8E34 /* Pods_ZhongWenKaraoke.framework */ = {isa = PBXFileReference; explicitFileType = wrapper.framework; includeInIndex = 0; path = Pods_ZhongWenKaraoke.framework; sourceTree = BUILT_PRODUCTS_DIR; };
		984BEE802FF9775CDBA578B0 /* Pods-ZhongWenKaraokeUITests.debug.xcconfig */ = {isa = PBXFileReference; includeInIndex = 1; lastKnownFileType = text.xcconfig; name = "Pods-ZhongWenKaraokeUITests.debug.xcconfig"; path = "Pods/Target Support Files/Pods-ZhongWenKaraokeUITests/Pods-ZhongWenKaraokeUITests.debug.xcconfig"; sourceTree = "<group>"; };
		AD2D7E3398CB2456501015DE /* Pods-ZhongWenKaraokeTests.debug.xcconfig */ = {isa = PBXFileReference; includeInIndex = 1; lastKnownFileType = text.xcconfig; name = "Pods-ZhongWenKaraokeTests.debug.xcconfig"; path = "Pods/Target Support Files/Pods-ZhongWenKaraokeTests/Pods-ZhongWenKaraokeTests.debug.xcconfig"; sourceTree = "<group>"; };
		CD23745A1F223D4E00995105 /* XCTestCase+extensions.swift */ = {isa = PBXFileReference; fileEncoding = 4; lastKnownFileType = sourcecode.swift; path = "XCTestCase+extensions.swift"; sourceTree = "<group>"; };
		CD3EF4761F1F74BA009036F2 /* ZhongWenKaraoke.app */ = {isa = PBXFileReference; explicitFileType = wrapper.application; includeInIndex = 0; path = ZhongWenKaraoke.app; sourceTree = BUILT_PRODUCTS_DIR; };
		CD3EF4791F1F74BA009036F2 /* AppDelegate.swift */ = {isa = PBXFileReference; lastKnownFileType = sourcecode.swift; path = AppDelegate.swift; sourceTree = "<group>"; };
		CD3EF47B1F1F74BA009036F2 /* ViewController.swift */ = {isa = PBXFileReference; lastKnownFileType = sourcecode.swift; path = ViewController.swift; sourceTree = "<group>"; };
		CD3EF47E1F1F74BA009036F2 /* Base */ = {isa = PBXFileReference; lastKnownFileType = file.storyboard; name = Base; path = Base.lproj/Main.storyboard; sourceTree = "<group>"; };
		CD3EF4801F1F74BA009036F2 /* Assets.xcassets */ = {isa = PBXFileReference; lastKnownFileType = folder.assetcatalog; path = Assets.xcassets; sourceTree = "<group>"; };
		CD3EF4831F1F74BA009036F2 /* Base */ = {isa = PBXFileReference; lastKnownFileType = file.storyboard; name = Base; path = Base.lproj/LaunchScreen.storyboard; sourceTree = "<group>"; };
		CD3EF4851F1F74BA009036F2 /* Info.plist */ = {isa = PBXFileReference; lastKnownFileType = text.plist.xml; path = Info.plist; sourceTree = "<group>"; };
		CD3EF48A1F1F74BA009036F2 /* ZhongWenKaraokeTests.xctest */ = {isa = PBXFileReference; explicitFileType = wrapper.cfbundle; includeInIndex = 0; path = ZhongWenKaraokeTests.xctest; sourceTree = BUILT_PRODUCTS_DIR; };
		CD3EF4901F1F74BA009036F2 /* Info.plist */ = {isa = PBXFileReference; lastKnownFileType = text.plist.xml; path = Info.plist; sourceTree = "<group>"; };
		CD3EF4951F1F74BA009036F2 /* ZhongWenKaraokeUITests.xctest */ = {isa = PBXFileReference; explicitFileType = wrapper.cfbundle; includeInIndex = 0; path = ZhongWenKaraokeUITests.xctest; sourceTree = BUILT_PRODUCTS_DIR; };
		CD3EF4991F1F74BA009036F2 /* ZhongWenKaraokeUITests.swift */ = {isa = PBXFileReference; lastKnownFileType = sourcecode.swift; path = ZhongWenKaraokeUITests.swift; sourceTree = "<group>"; };
		CD3EF49B1F1F74BA009036F2 /* Info.plist */ = {isa = PBXFileReference; lastKnownFileType = text.plist.xml; path = Info.plist; sourceTree = "<group>"; };
		CD4AA6EC1F1F8E290040627E /* MiguDataServiceTests.swift */ = {isa = PBXFileReference; fileEncoding = 4; lastKnownFileType = sourcecode.swift; path = MiguDataServiceTests.swift; sourceTree = "<group>"; };
		CD4AA6EF1F1F8E880040627E /* MiguDataService.swift */ = {isa = PBXFileReference; fileEncoding = 4; lastKnownFileType = sourcecode.swift; path = MiguDataService.swift; sourceTree = "<group>"; };
		CD4AA6F51F201ABF0040627E /* miguTopPage.html */ = {isa = PBXFileReference; fileEncoding = 4; lastKnownFileType = text.html; path = miguTopPage.html; sourceTree = "<group>"; };
		CD4AA6F81F20EB4B0040627E /* MiguSong.swift */ = {isa = PBXFileReference; fileEncoding = 4; lastKnownFileType = sourcecode.swift; path = MiguSong.swift; sourceTree = "<group>"; };
		CD4AA6FA1F214BDA0040627E /* lyrics.json */ = {isa = PBXFileReference; fileEncoding = 4; lastKnownFileType = text.json; path = lyrics.json; sourceTree = "<group>"; };
		CD4AA6FE1F2155230040627E /* MiguSongTests.swift */ = {isa = PBXFileReference; fileEncoding = 4; lastKnownFileType = sourcecode.swift; path = MiguSongTests.swift; sourceTree = "<group>"; };
		CD4AA7001F2162600040627E /* songDetails.json */ = {isa = PBXFileReference; fileEncoding = 4; lastKnownFileType = text.json; path = songDetails.json; sourceTree = "<group>"; };
		CD4AA7021F2163320040627E /* MiguSongDetails.swift */ = {isa = PBXFileReference; fileEncoding = 4; lastKnownFileType = sourcecode.swift; path = MiguSongDetails.swift; sourceTree = "<group>"; };
		CD4AA7041F2163970040627E /* MiguSongDetailsTests.swift */ = {isa = PBXFileReference; fileEncoding = 4; lastKnownFileType = sourcecode.swift; path = MiguSongDetailsTests.swift; sourceTree = "<group>"; };
		CDAAD0AE129EA2B21D3992D6 /* Pods-ZhongWenKaraoke.debug.xcconfig */ = {isa = PBXFileReference; includeInIndex = 1; lastKnownFileType = text.xcconfig; name = "Pods-ZhongWenKaraoke.debug.xcconfig"; path = "Pods/Target Support Files/Pods-ZhongWenKaraoke/Pods-ZhongWenKaraoke.debug.xcconfig"; sourceTree = "<group>"; };
/* End PBXFileReference section */

/* Begin PBXFrameworksBuildPhase section */
		CD3EF4731F1F74BA009036F2 /* Frameworks */ = {
			isa = PBXFrameworksBuildPhase;
			buildActionMask = 2147483647;
			files = (
				06ABDAC9E3BE01F2BA3C75D8 /* Pods_ZhongWenKaraoke.framework in Frameworks */,
			);
			runOnlyForDeploymentPostprocessing = 0;
		};
		CD3EF4871F1F74BA009036F2 /* Frameworks */ = {
			isa = PBXFrameworksBuildPhase;
			buildActionMask = 2147483647;
			files = (
				339B7EC402F9E0053F1B79D1 /* Pods_ZhongWenKaraokeTests.framework in Frameworks */,
			);
			runOnlyForDeploymentPostprocessing = 0;
		};
		CD3EF4921F1F74BA009036F2 /* Frameworks */ = {
			isa = PBXFrameworksBuildPhase;
			buildActionMask = 2147483647;
			files = (
				9734DF0FA28B0BAEA0B169E7 /* Pods_ZhongWenKaraokeUITests.framework in Frameworks */,
			);
			runOnlyForDeploymentPostprocessing = 0;
		};
/* End PBXFrameworksBuildPhase section */

/* Begin PBXGroup section */
		0DA9F2C2C1DECCB48BB10C28 /* Frameworks */ = {
			isa = PBXGroup;
			children = (
				98152240278FCE4AAEFA8E34 /* Pods_ZhongWenKaraoke.framework */,
				88101D6CFFA3A3351B8F644C /* Pods_ZhongWenKaraokeTests.framework */,
				42B90D26F0D16B02C4E951ED /* Pods_ZhongWenKaraokeUITests.framework */,
			);
			name = Frameworks;
			sourceTree = "<group>";
		};
		CD3EF46D1F1F74BA009036F2 = {
			isa = PBXGroup;
			children = (
				CD3EF4781F1F74BA009036F2 /* ZhongWenKaraoke */,
				CD3EF48D1F1F74BA009036F2 /* ZhongWenKaraokeTests */,
				CD3EF4981F1F74BA009036F2 /* ZhongWenKaraokeUITests */,
				CD3EF4771F1F74BA009036F2 /* Products */,
				F154AAC7ADC026773F57692F /* Pods */,
				0DA9F2C2C1DECCB48BB10C28 /* Frameworks */,
			);
			sourceTree = "<group>";
		};
		CD3EF4771F1F74BA009036F2 /* Products */ = {
			isa = PBXGroup;
			children = (
				CD3EF4761F1F74BA009036F2 /* ZhongWenKaraoke.app */,
				CD3EF48A1F1F74BA009036F2 /* ZhongWenKaraokeTests.xctest */,
				CD3EF4951F1F74BA009036F2 /* ZhongWenKaraokeUITests.xctest */,
			);
			name = Products;
			sourceTree = "<group>";
		};
		CD3EF4781F1F74BA009036F2 /* ZhongWenKaraoke */ = {
			isa = PBXGroup;
			children = (
				CD4AA6F71F20EB2E0040627E /* Models */,
				CD4AA6EE1F1F8E5C0040627E /* Services */,
				CD3EF4791F1F74BA009036F2 /* AppDelegate.swift */,
				CD3EF47B1F1F74BA009036F2 /* ViewController.swift */,
				CD3EF47D1F1F74BA009036F2 /* Main.storyboard */,
				CD3EF4801F1F74BA009036F2 /* Assets.xcassets */,
				CD3EF4821F1F74BA009036F2 /* LaunchScreen.storyboard */,
				CD3EF4851F1F74BA009036F2 /* Info.plist */,
			);
			path = ZhongWenKaraoke;
			sourceTree = "<group>";
		};
		CD3EF48D1F1F74BA009036F2 /* ZhongWenKaraokeTests */ = {
			isa = PBXGroup;
			children = (
				CD4AA6FD1F2155080040627E /* Models */,
				CD4AA6FC1F21541B0040627E /* Services */,
				CD4AA6F41F201A970040627E /* Fixtures */,
				CD3EF4901F1F74BA009036F2 /* Info.plist */,
				CD23745A1F223D4E00995105 /* XCTestCase+extensions.swift */,
			);
			path = ZhongWenKaraokeTests;
			sourceTree = "<group>";
		};
		CD3EF4981F1F74BA009036F2 /* ZhongWenKaraokeUITests */ = {
			isa = PBXGroup;
			children = (
				CD3EF4991F1F74BA009036F2 /* ZhongWenKaraokeUITests.swift */,
				CD3EF49B1F1F74BA009036F2 /* Info.plist */,
			);
			path = ZhongWenKaraokeUITests;
			sourceTree = "<group>";
		};
		CD4AA6EE1F1F8E5C0040627E /* Services */ = {
			isa = PBXGroup;
			children = (
				CD4AA6EF1F1F8E880040627E /* MiguDataService.swift */,
			);
			path = Services;
			sourceTree = "<group>";
		};
		CD4AA6F41F201A970040627E /* Fixtures */ = {
			isa = PBXGroup;
			children = (
				CD4AA6F51F201ABF0040627E /* miguTopPage.html */,
				CD4AA6FA1F214BDA0040627E /* lyrics.json */,
				CD4AA7001F2162600040627E /* songDetails.json */,
			);
			path = Fixtures;
			sourceTree = "<group>";
		};
		CD4AA6F71F20EB2E0040627E /* Models */ = {
			isa = PBXGroup;
			children = (
				CD4AA6F81F20EB4B0040627E /* MiguSong.swift */,
				CD4AA7021F2163320040627E /* MiguSongDetails.swift */,
			);
			path = Models;
			sourceTree = "<group>";
		};
		CD4AA6FC1F21541B0040627E /* Services */ = {
			isa = PBXGroup;
			children = (
				CD4AA6EC1F1F8E290040627E /* MiguDataServiceTests.swift */,
			);
			path = Services;
			sourceTree = "<group>";
		};
		CD4AA6FD1F2155080040627E /* Models */ = {
			isa = PBXGroup;
			children = (
				CD4AA6FE1F2155230040627E /* MiguSongTests.swift */,
				CD4AA7041F2163970040627E /* MiguSongDetailsTests.swift */,
			);
			path = Models;
			sourceTree = "<group>";
		};
		F154AAC7ADC026773F57692F /* Pods */ = {
			isa = PBXGroup;
			children = (
				CDAAD0AE129EA2B21D3992D6 /* Pods-ZhongWenKaraoke.debug.xcconfig */,
				8F290931C3A47698A4F8B4EE /* Pods-ZhongWenKaraoke.release.xcconfig */,
				AD2D7E3398CB2456501015DE /* Pods-ZhongWenKaraokeTests.debug.xcconfig */,
				2F6635FD7370624CA34AE853 /* Pods-ZhongWenKaraokeTests.release.xcconfig */,
				984BEE802FF9775CDBA578B0 /* Pods-ZhongWenKaraokeUITests.debug.xcconfig */,
				33D0D7D6A048DD6DB3218371 /* Pods-ZhongWenKaraokeUITests.release.xcconfig */,
			);
			name = Pods;
			sourceTree = "<group>";
		};
/* End PBXGroup section */

/* Begin PBXNativeTarget section */
		CD3EF4751F1F74BA009036F2 /* ZhongWenKaraoke */ = {
			isa = PBXNativeTarget;
			buildConfigurationList = CD3EF49E1F1F74BA009036F2 /* Build configuration list for PBXNativeTarget "ZhongWenKaraoke" */;
			buildPhases = (
				4432C570E6E3481AB13B0FD5 /* [CP] Check Pods Manifest.lock */,
				CD3EF4721F1F74BA009036F2 /* Sources */,
				CD3EF4731F1F74BA009036F2 /* Frameworks */,
				CD3EF4741F1F74BA009036F2 /* Resources */,
				5EC5C0B541829CF94FAB26AA /* [CP] Embed Pods Frameworks */,
				BE28FA605E21D7464804C6CC /* [CP] Copy Pods Resources */,
			);
			buildRules = (
			);
			dependencies = (
			);
			name = ZhongWenKaraoke;
			productName = ZhongWenKaraoke;
			productReference = CD3EF4761F1F74BA009036F2 /* ZhongWenKaraoke.app */;
			productType = "com.apple.product-type.application";
		};
		CD3EF4891F1F74BA009036F2 /* ZhongWenKaraokeTests */ = {
			isa = PBXNativeTarget;
			buildConfigurationList = CD3EF4A11F1F74BA009036F2 /* Build configuration list for PBXNativeTarget "ZhongWenKaraokeTests" */;
			buildPhases = (
				3D06C1777C08C6C85A432704 /* [CP] Check Pods Manifest.lock */,
				CD3EF4861F1F74BA009036F2 /* Sources */,
				CD3EF4871F1F74BA009036F2 /* Frameworks */,
				CD3EF4881F1F74BA009036F2 /* Resources */,
				4C8166ACD941CF5A4663CDD8 /* [CP] Embed Pods Frameworks */,
				98E131C0CEADB1D6D8F83A42 /* [CP] Copy Pods Resources */,
			);
			buildRules = (
			);
			dependencies = (
				CD3EF48C1F1F74BA009036F2 /* PBXTargetDependency */,
			);
			name = ZhongWenKaraokeTests;
			productName = ZhongWenKaraokeTests;
			productReference = CD3EF48A1F1F74BA009036F2 /* ZhongWenKaraokeTests.xctest */;
			productType = "com.apple.product-type.bundle.unit-test";
		};
		CD3EF4941F1F74BA009036F2 /* ZhongWenKaraokeUITests */ = {
			isa = PBXNativeTarget;
			buildConfigurationList = CD3EF4A41F1F74BA009036F2 /* Build configuration list for PBXNativeTarget "ZhongWenKaraokeUITests" */;
			buildPhases = (
				9C085BABEC878EF7B291E2E2 /* [CP] Check Pods Manifest.lock */,
				CD3EF4911F1F74BA009036F2 /* Sources */,
				CD3EF4921F1F74BA009036F2 /* Frameworks */,
				CD3EF4931F1F74BA009036F2 /* Resources */,
				4836CFCCA542E4A7FDED3E8A /* [CP] Embed Pods Frameworks */,
				94E232C3B2532A6B2362FAA1 /* [CP] Copy Pods Resources */,
			);
			buildRules = (
			);
			dependencies = (
				CD3EF4971F1F74BA009036F2 /* PBXTargetDependency */,
			);
			name = ZhongWenKaraokeUITests;
			productName = ZhongWenKaraokeUITests;
			productReference = CD3EF4951F1F74BA009036F2 /* ZhongWenKaraokeUITests.xctest */;
			productType = "com.apple.product-type.bundle.ui-testing";
		};
/* End PBXNativeTarget section */

/* Begin PBXProject section */
		CD3EF46E1F1F74BA009036F2 /* Project object */ = {
			isa = PBXProject;
			attributes = {
				LastSwiftUpdateCheck = 0830;
				LastUpgradeCheck = 0830;
				ORGANIZATIONNAME = "Yannick Chiasson";
				TargetAttributes = {
					CD3EF4751F1F74BA009036F2 = {
						CreatedOnToolsVersion = 8.3.1;
						DevelopmentTeam = 2SJ5L2D5W6;
						ProvisioningStyle = Automatic;
					};
					CD3EF4891F1F74BA009036F2 = {
						CreatedOnToolsVersion = 8.3.1;
						DevelopmentTeam = 2SJ5L2D5W6;
						ProvisioningStyle = Automatic;
						TestTargetID = CD3EF4751F1F74BA009036F2;
					};
					CD3EF4941F1F74BA009036F2 = {
						CreatedOnToolsVersion = 8.3.1;
						DevelopmentTeam = 2SJ5L2D5W6;
						ProvisioningStyle = Automatic;
						TestTargetID = CD3EF4751F1F74BA009036F2;
					};
				};
			};
			buildConfigurationList = CD3EF4711F1F74BA009036F2 /* Build configuration list for PBXProject "ZhongWenKaraoke" */;
			compatibilityVersion = "Xcode 3.2";
			developmentRegion = English;
			hasScannedForEncodings = 0;
			knownRegions = (
				en,
				Base,
			);
			mainGroup = CD3EF46D1F1F74BA009036F2;
			productRefGroup = CD3EF4771F1F74BA009036F2 /* Products */;
			projectDirPath = "";
			projectRoot = "";
			targets = (
				CD3EF4751F1F74BA009036F2 /* ZhongWenKaraoke */,
				CD3EF4891F1F74BA009036F2 /* ZhongWenKaraokeTests */,
				CD3EF4941F1F74BA009036F2 /* ZhongWenKaraokeUITests */,
			);
		};
/* End PBXProject section */

/* Begin PBXResourcesBuildPhase section */
		CD3EF4741F1F74BA009036F2 /* Resources */ = {
			isa = PBXResourcesBuildPhase;
			buildActionMask = 2147483647;
			files = (
				CD3EF4841F1F74BA009036F2 /* LaunchScreen.storyboard in Resources */,
				CD3EF4811F1F74BA009036F2 /* Assets.xcassets in Resources */,
				CD3EF47F1F1F74BA009036F2 /* Main.storyboard in Resources */,
			);
			runOnlyForDeploymentPostprocessing = 0;
		};
		CD3EF4881F1F74BA009036F2 /* Resources */ = {
			isa = PBXResourcesBuildPhase;
			buildActionMask = 2147483647;
			files = (
				CD4AA7011F2162600040627E /* songDetails.json in Resources */,
				CD4AA6FB1F214BDA0040627E /* lyrics.json in Resources */,
				CD4AA6F61F201ABF0040627E /* miguTopPage.html in Resources */,
			);
			runOnlyForDeploymentPostprocessing = 0;
		};
		CD3EF4931F1F74BA009036F2 /* Resources */ = {
			isa = PBXResourcesBuildPhase;
			buildActionMask = 2147483647;
			files = (
			);
			runOnlyForDeploymentPostprocessing = 0;
		};
/* End PBXResourcesBuildPhase section */

/* Begin PBXShellScriptBuildPhase section */
		3D06C1777C08C6C85A432704 /* [CP] Check Pods Manifest.lock */ = {
			isa = PBXShellScriptBuildPhase;
			buildActionMask = 2147483647;
			files = (
			);
			inputPaths = (
			);
			name = "[CP] Check Pods Manifest.lock";
			outputPaths = (
			);
			runOnlyForDeploymentPostprocessing = 0;
			shellPath = /bin/sh;
			shellScript = "diff \"${PODS_PODFILE_DIR_PATH}/Podfile.lock\" \"${PODS_ROOT}/Manifest.lock\" > /dev/null\nif [ $? != 0 ] ; then\n    # print error to STDERR\n    echo \"error: The sandbox is not in sync with the Podfile.lock. Run 'pod install' or update your CocoaPods installation.\" >&2\n    exit 1\nfi\n";
			showEnvVarsInLog = 0;
		};
		4432C570E6E3481AB13B0FD5 /* [CP] Check Pods Manifest.lock */ = {
			isa = PBXShellScriptBuildPhase;
			buildActionMask = 2147483647;
			files = (
			);
			inputPaths = (
			);
			name = "[CP] Check Pods Manifest.lock";
			outputPaths = (
			);
			runOnlyForDeploymentPostprocessing = 0;
			shellPath = /bin/sh;
			shellScript = "diff \"${PODS_PODFILE_DIR_PATH}/Podfile.lock\" \"${PODS_ROOT}/Manifest.lock\" > /dev/null\nif [ $? != 0 ] ; then\n    # print error to STDERR\n    echo \"error: The sandbox is not in sync with the Podfile.lock. Run 'pod install' or update your CocoaPods installation.\" >&2\n    exit 1\nfi\n";
			showEnvVarsInLog = 0;
		};
		4836CFCCA542E4A7FDED3E8A /* [CP] Embed Pods Frameworks */ = {
			isa = PBXShellScriptBuildPhase;
			buildActionMask = 2147483647;
			files = (
			);
			inputPaths = (
			);
			name = "[CP] Embed Pods Frameworks";
			outputPaths = (
			);
			runOnlyForDeploymentPostprocessing = 0;
			shellPath = /bin/sh;
			shellScript = "\"${SRCROOT}/Pods/Target Support Files/Pods-ZhongWenKaraokeUITests/Pods-ZhongWenKaraokeUITests-frameworks.sh\"\n";
			showEnvVarsInLog = 0;
		};
		4C8166ACD941CF5A4663CDD8 /* [CP] Embed Pods Frameworks */ = {
			isa = PBXShellScriptBuildPhase;
			buildActionMask = 2147483647;
			files = (
			);
			inputPaths = (
			);
			name = "[CP] Embed Pods Frameworks";
			outputPaths = (
			);
			runOnlyForDeploymentPostprocessing = 0;
			shellPath = /bin/sh;
			shellScript = "\"${SRCROOT}/Pods/Target Support Files/Pods-ZhongWenKaraokeTests/Pods-ZhongWenKaraokeTests-frameworks.sh\"\n";
			showEnvVarsInLog = 0;
		};
		5EC5C0B541829CF94FAB26AA /* [CP] Embed Pods Frameworks */ = {
			isa = PBXShellScriptBuildPhase;
			buildActionMask = 2147483647;
			files = (
			);
			inputPaths = (
			);
			name = "[CP] Embed Pods Frameworks";
			outputPaths = (
			);
			runOnlyForDeploymentPostprocessing = 0;
			shellPath = /bin/sh;
			shellScript = "\"${SRCROOT}/Pods/Target Support Files/Pods-ZhongWenKaraoke/Pods-ZhongWenKaraoke-frameworks.sh\"\n";
			showEnvVarsInLog = 0;
		};
		94E232C3B2532A6B2362FAA1 /* [CP] Copy Pods Resources */ = {
			isa = PBXShellScriptBuildPhase;
			buildActionMask = 2147483647;
			files = (
			);
			inputPaths = (
			);
			name = "[CP] Copy Pods Resources";
			outputPaths = (
			);
			runOnlyForDeploymentPostprocessing = 0;
			shellPath = /bin/sh;
			shellScript = "\"${SRCROOT}/Pods/Target Support Files/Pods-ZhongWenKaraokeUITests/Pods-ZhongWenKaraokeUITests-resources.sh\"\n";
			showEnvVarsInLog = 0;
		};
		98E131C0CEADB1D6D8F83A42 /* [CP] Copy Pods Resources */ = {
			isa = PBXShellScriptBuildPhase;
			buildActionMask = 2147483647;
			files = (
			);
			inputPaths = (
			);
			name = "[CP] Copy Pods Resources";
			outputPaths = (
			);
			runOnlyForDeploymentPostprocessing = 0;
			shellPath = /bin/sh;
			shellScript = "\"${SRCROOT}/Pods/Target Support Files/Pods-ZhongWenKaraokeTests/Pods-ZhongWenKaraokeTests-resources.sh\"\n";
			showEnvVarsInLog = 0;
		};
		9C085BABEC878EF7B291E2E2 /* [CP] Check Pods Manifest.lock */ = {
			isa = PBXShellScriptBuildPhase;
			buildActionMask = 2147483647;
			files = (
			);
			inputPaths = (
			);
			name = "[CP] Check Pods Manifest.lock";
			outputPaths = (
			);
			runOnlyForDeploymentPostprocessing = 0;
			shellPath = /bin/sh;
			shellScript = "diff \"${PODS_PODFILE_DIR_PATH}/Podfile.lock\" \"${PODS_ROOT}/Manifest.lock\" > /dev/null\nif [ $? != 0 ] ; then\n    # print error to STDERR\n    echo \"error: The sandbox is not in sync with the Podfile.lock. Run 'pod install' or update your CocoaPods installation.\" >&2\n    exit 1\nfi\n";
			showEnvVarsInLog = 0;
		};
		BE28FA605E21D7464804C6CC /* [CP] Copy Pods Resources */ = {
			isa = PBXShellScriptBuildPhase;
			buildActionMask = 2147483647;
			files = (
			);
			inputPaths = (
			);
			name = "[CP] Copy Pods Resources";
			outputPaths = (
			);
			runOnlyForDeploymentPostprocessing = 0;
			shellPath = /bin/sh;
			shellScript = "\"${SRCROOT}/Pods/Target Support Files/Pods-ZhongWenKaraoke/Pods-ZhongWenKaraoke-resources.sh\"\n";
			showEnvVarsInLog = 0;
		};
/* End PBXShellScriptBuildPhase section */

/* Begin PBXSourcesBuildPhase section */
		CD3EF4721F1F74BA009036F2 /* Sources */ = {
			isa = PBXSourcesBuildPhase;
			buildActionMask = 2147483647;
			files = (
				CD4AA6F01F1F8E880040627E /* MiguDataService.swift in Sources */,
				CD3EF47C1F1F74BA009036F2 /* ViewController.swift in Sources */,
				CD4AA6F91F20EB4B0040627E /* MiguSong.swift in Sources */,
				CD3EF47A1F1F74BA009036F2 /* AppDelegate.swift in Sources */,
				CD4AA7031F2163320040627E /* MiguSongDetails.swift in Sources */,
			);
			runOnlyForDeploymentPostprocessing = 0;
		};
		CD3EF4861F1F74BA009036F2 /* Sources */ = {
			isa = PBXSourcesBuildPhase;
			buildActionMask = 2147483647;
			files = (
				CD23745B1F223D4E00995105 /* XCTestCase+extensions.swift in Sources */,
				CD4AA6FF1F2155230040627E /* MiguSongTests.swift in Sources */,
				CD4AA6ED1F1F8E290040627E /* MiguDataServiceTests.swift in Sources */,
				CD4AA7051F2163980040627E /* MiguSongDetailsTests.swift in Sources */,
			);
			runOnlyForDeploymentPostprocessing = 0;
		};
		CD3EF4911F1F74BA009036F2 /* Sources */ = {
			isa = PBXSourcesBuildPhase;
			buildActionMask = 2147483647;
			files = (
				CD3EF49A1F1F74BA009036F2 /* ZhongWenKaraokeUITests.swift in Sources */,
			);
			runOnlyForDeploymentPostprocessing = 0;
		};
/* End PBXSourcesBuildPhase section */

/* Begin PBXTargetDependency section */
		CD3EF48C1F1F74BA009036F2 /* PBXTargetDependency */ = {
			isa = PBXTargetDependency;
			target = CD3EF4751F1F74BA009036F2 /* ZhongWenKaraoke */;
			targetProxy = CD3EF48B1F1F74BA009036F2 /* PBXContainerItemProxy */;
		};
		CD3EF4971F1F74BA009036F2 /* PBXTargetDependency */ = {
			isa = PBXTargetDependency;
			target = CD3EF4751F1F74BA009036F2 /* ZhongWenKaraoke */;
			targetProxy = CD3EF4961F1F74BA009036F2 /* PBXContainerItemProxy */;
		};
/* End PBXTargetDependency section */

/* Begin PBXVariantGroup section */
		CD3EF47D1F1F74BA009036F2 /* Main.storyboard */ = {
			isa = PBXVariantGroup;
			children = (
				CD3EF47E1F1F74BA009036F2 /* Base */,
			);
			name = Main.storyboard;
			sourceTree = "<group>";
		};
		CD3EF4821F1F74BA009036F2 /* LaunchScreen.storyboard */ = {
			isa = PBXVariantGroup;
			children = (
				CD3EF4831F1F74BA009036F2 /* Base */,
			);
			name = LaunchScreen.storyboard;
			sourceTree = "<group>";
		};
/* End PBXVariantGroup section */

/* Begin XCBuildConfiguration section */
		CD3EF49C1F1F74BA009036F2 /* Debug */ = {
			isa = XCBuildConfiguration;
			buildSettings = {
				ALWAYS_SEARCH_USER_PATHS = NO;
				CLANG_ANALYZER_NONNULL = YES;
				CLANG_ANALYZER_NUMBER_OBJECT_CONVERSION = YES_AGGRESSIVE;
				CLANG_CXX_LANGUAGE_STANDARD = "gnu++0x";
				CLANG_CXX_LIBRARY = "libc++";
				CLANG_ENABLE_MODULES = YES;
				CLANG_ENABLE_OBJC_ARC = YES;
				CLANG_WARN_BOOL_CONVERSION = YES;
				CLANG_WARN_CONSTANT_CONVERSION = YES;
				CLANG_WARN_DIRECT_OBJC_ISA_USAGE = YES_ERROR;
				CLANG_WARN_DOCUMENTATION_COMMENTS = YES;
				CLANG_WARN_EMPTY_BODY = YES;
				CLANG_WARN_ENUM_CONVERSION = YES;
				CLANG_WARN_INFINITE_RECURSION = YES;
				CLANG_WARN_INT_CONVERSION = YES;
				CLANG_WARN_OBJC_ROOT_CLASS = YES_ERROR;
				CLANG_WARN_SUSPICIOUS_MOVE = YES;
				CLANG_WARN_UNREACHABLE_CODE = YES;
				CLANG_WARN__DUPLICATE_METHOD_MATCH = YES;
				"CODE_SIGN_IDENTITY[sdk=iphoneos*]" = "iPhone Developer";
				COPY_PHASE_STRIP = NO;
				DEBUG_INFORMATION_FORMAT = dwarf;
				ENABLE_STRICT_OBJC_MSGSEND = YES;
				ENABLE_TESTABILITY = YES;
				GCC_C_LANGUAGE_STANDARD = gnu99;
				GCC_DYNAMIC_NO_PIC = NO;
				GCC_NO_COMMON_BLOCKS = YES;
				GCC_OPTIMIZATION_LEVEL = 0;
				GCC_PREPROCESSOR_DEFINITIONS = (
					"DEBUG=1",
					"$(inherited)",
				);
				GCC_WARN_64_TO_32_BIT_CONVERSION = YES;
				GCC_WARN_ABOUT_RETURN_TYPE = YES_ERROR;
				GCC_WARN_UNDECLARED_SELECTOR = YES;
				GCC_WARN_UNINITIALIZED_AUTOS = YES_AGGRESSIVE;
				GCC_WARN_UNUSED_FUNCTION = YES;
				GCC_WARN_UNUSED_VARIABLE = YES;
				IPHONEOS_DEPLOYMENT_TARGET = 10.3;
				MTL_ENABLE_DEBUG_INFO = YES;
				ONLY_ACTIVE_ARCH = YES;
				SDKROOT = iphoneos;
				SWIFT_ACTIVE_COMPILATION_CONDITIONS = DEBUG;
				SWIFT_OPTIMIZATION_LEVEL = "-Onone";
				TARGETED_DEVICE_FAMILY = "1,2";
			};
			name = Debug;
		};
		CD3EF49D1F1F74BA009036F2 /* Release */ = {
			isa = XCBuildConfiguration;
			buildSettings = {
				ALWAYS_SEARCH_USER_PATHS = NO;
				CLANG_ANALYZER_NONNULL = YES;
				CLANG_ANALYZER_NUMBER_OBJECT_CONVERSION = YES_AGGRESSIVE;
				CLANG_CXX_LANGUAGE_STANDARD = "gnu++0x";
				CLANG_CXX_LIBRARY = "libc++";
				CLANG_ENABLE_MODULES = YES;
				CLANG_ENABLE_OBJC_ARC = YES;
				CLANG_WARN_BOOL_CONVERSION = YES;
				CLANG_WARN_CONSTANT_CONVERSION = YES;
				CLANG_WARN_DIRECT_OBJC_ISA_USAGE = YES_ERROR;
				CLANG_WARN_DOCUMENTATION_COMMENTS = YES;
				CLANG_WARN_EMPTY_BODY = YES;
				CLANG_WARN_ENUM_CONVERSION = YES;
				CLANG_WARN_INFINITE_RECURSION = YES;
				CLANG_WARN_INT_CONVERSION = YES;
				CLANG_WARN_OBJC_ROOT_CLASS = YES_ERROR;
				CLANG_WARN_SUSPICIOUS_MOVE = YES;
				CLANG_WARN_UNREACHABLE_CODE = YES;
				CLANG_WARN__DUPLICATE_METHOD_MATCH = YES;
				"CODE_SIGN_IDENTITY[sdk=iphoneos*]" = "iPhone Developer";
				COPY_PHASE_STRIP = NO;
				DEBUG_INFORMATION_FORMAT = "dwarf-with-dsym";
				ENABLE_NS_ASSERTIONS = NO;
				ENABLE_STRICT_OBJC_MSGSEND = YES;
				GCC_C_LANGUAGE_STANDARD = gnu99;
				GCC_NO_COMMON_BLOCKS = YES;
				GCC_WARN_64_TO_32_BIT_CONVERSION = YES;
				GCC_WARN_ABOUT_RETURN_TYPE = YES_ERROR;
				GCC_WARN_UNDECLARED_SELECTOR = YES;
				GCC_WARN_UNINITIALIZED_AUTOS = YES_AGGRESSIVE;
				GCC_WARN_UNUSED_FUNCTION = YES;
				GCC_WARN_UNUSED_VARIABLE = YES;
				IPHONEOS_DEPLOYMENT_TARGET = 10.3;
				MTL_ENABLE_DEBUG_INFO = NO;
				SDKROOT = iphoneos;
				SWIFT_OPTIMIZATION_LEVEL = "-Owholemodule";
				TARGETED_DEVICE_FAMILY = "1,2";
				VALIDATE_PRODUCT = YES;
			};
			name = Release;
		};
		CD3EF49F1F1F74BA009036F2 /* Debug */ = {
			isa = XCBuildConfiguration;
			baseConfigurationReference = CDAAD0AE129EA2B21D3992D6 /* Pods-ZhongWenKaraoke.debug.xcconfig */;
			buildSettings = {
				ASSETCATALOG_COMPILER_APPICON_NAME = AppIcon;
				DEVELOPMENT_TEAM = 2SJ5L2D5W6;
				INFOPLIST_FILE = ZhongWenKaraoke/Info.plist;
				LD_RUNPATH_SEARCH_PATHS = "$(inherited) @executable_path/Frameworks";
				PRODUCT_BUNDLE_IDENTIFIER = shiyason.ZhongWenKaraoke;
				PRODUCT_NAME = "$(TARGET_NAME)";
				SWIFT_VERSION = 3.0;
			};
			name = Debug;
		};
		CD3EF4A01F1F74BA009036F2 /* Release */ = {
			isa = XCBuildConfiguration;
			baseConfigurationReference = 8F290931C3A47698A4F8B4EE /* Pods-ZhongWenKaraoke.release.xcconfig */;
			buildSettings = {
				ASSETCATALOG_COMPILER_APPICON_NAME = AppIcon;
				DEVELOPMENT_TEAM = 2SJ5L2D5W6;
				INFOPLIST_FILE = ZhongWenKaraoke/Info.plist;
				LD_RUNPATH_SEARCH_PATHS = "$(inherited) @executable_path/Frameworks";
				PRODUCT_BUNDLE_IDENTIFIER = shiyason.ZhongWenKaraoke;
				PRODUCT_NAME = "$(TARGET_NAME)";
				SWIFT_VERSION = 3.0;
			};
			name = Release;
		};
		CD3EF4A21F1F74BA009036F2 /* Debug */ = {
			isa = XCBuildConfiguration;
			baseConfigurationReference = AD2D7E3398CB2456501015DE /* Pods-ZhongWenKaraokeTests.debug.xcconfig */;
			buildSettings = {
				ALWAYS_EMBED_SWIFT_STANDARD_LIBRARIES = YES;
				BUNDLE_LOADER = "$(TEST_HOST)";
				DEVELOPMENT_TEAM = 2SJ5L2D5W6;
				INFOPLIST_FILE = ZhongWenKaraokeTests/Info.plist;
				LD_RUNPATH_SEARCH_PATHS = "$(inherited) @executable_path/Frameworks @loader_path/Frameworks";
				PRODUCT_BUNDLE_IDENTIFIER = shiyason.ZhongWenKaraokeTests;
				PRODUCT_NAME = "$(TARGET_NAME)";
				SWIFT_VERSION = 3.0;
				TEST_HOST = "$(BUILT_PRODUCTS_DIR)/ZhongWenKaraoke.app/ZhongWenKaraoke";
			};
			name = Debug;
		};
		CD3EF4A31F1F74BA009036F2 /* Release */ = {
			isa = XCBuildConfiguration;
			baseConfigurationReference = 2F6635FD7370624CA34AE853 /* Pods-ZhongWenKaraokeTests.release.xcconfig */;
			buildSettings = {
				ALWAYS_EMBED_SWIFT_STANDARD_LIBRARIES = YES;
				BUNDLE_LOADER = "$(TEST_HOST)";
				DEVELOPMENT_TEAM = 2SJ5L2D5W6;
				INFOPLIST_FILE = ZhongWenKaraokeTests/Info.plist;
				LD_RUNPATH_SEARCH_PATHS = "$(inherited) @executable_path/Frameworks @loader_path/Frameworks";
				PRODUCT_BUNDLE_IDENTIFIER = shiyason.ZhongWenKaraokeTests;
				PRODUCT_NAME = "$(TARGET_NAME)";
				SWIFT_VERSION = 3.0;
				TEST_HOST = "$(BUILT_PRODUCTS_DIR)/ZhongWenKaraoke.app/ZhongWenKaraoke";
			};
			name = Release;
		};
		CD3EF4A51F1F74BA009036F2 /* Debug */ = {
			isa = XCBuildConfiguration;
			baseConfigurationReference = 984BEE802FF9775CDBA578B0 /* Pods-ZhongWenKaraokeUITests.debug.xcconfig */;
			buildSettings = {
				ALWAYS_EMBED_SWIFT_STANDARD_LIBRARIES = YES;
				DEVELOPMENT_TEAM = 2SJ5L2D5W6;
				INFOPLIST_FILE = ZhongWenKaraokeUITests/Info.plist;
				LD_RUNPATH_SEARCH_PATHS = "$(inherited) @executable_path/Frameworks @loader_path/Frameworks";
				PRODUCT_BUNDLE_IDENTIFIER = shiyason.ZhongWenKaraokeUITests;
				PRODUCT_NAME = "$(TARGET_NAME)";
				SWIFT_VERSION = 3.0;
				TEST_TARGET_NAME = ZhongWenKaraoke;
			};
			name = Debug;
		};
		CD3EF4A61F1F74BA009036F2 /* Release */ = {
			isa = XCBuildConfiguration;
			baseConfigurationReference = 33D0D7D6A048DD6DB3218371 /* Pods-ZhongWenKaraokeUITests.release.xcconfig */;
			buildSettings = {
				ALWAYS_EMBED_SWIFT_STANDARD_LIBRARIES = YES;
				DEVELOPMENT_TEAM = 2SJ5L2D5W6;
				INFOPLIST_FILE = ZhongWenKaraokeUITests/Info.plist;
				LD_RUNPATH_SEARCH_PATHS = "$(inherited) @executable_path/Frameworks @loader_path/Frameworks";
				PRODUCT_BUNDLE_IDENTIFIER = shiyason.ZhongWenKaraokeUITests;
				PRODUCT_NAME = "$(TARGET_NAME)";
				SWIFT_VERSION = 3.0;
				TEST_TARGET_NAME = ZhongWenKaraoke;
			};
			name = Release;
		};
/* End XCBuildConfiguration section */

/* Begin XCConfigurationList section */
		CD3EF4711F1F74BA009036F2 /* Build configuration list for PBXProject "ZhongWenKaraoke" */ = {
			isa = XCConfigurationList;
			buildConfigurations = (
				CD3EF49C1F1F74BA009036F2 /* Debug */,
				CD3EF49D1F1F74BA009036F2 /* Release */,
			);
			defaultConfigurationIsVisible = 0;
			defaultConfigurationName = Release;
		};
		CD3EF49E1F1F74BA009036F2 /* Build configuration list for PBXNativeTarget "ZhongWenKaraoke" */ = {
			isa = XCConfigurationList;
			buildConfigurations = (
				CD3EF49F1F1F74BA009036F2 /* Debug */,
				CD3EF4A01F1F74BA009036F2 /* Release */,
			);
			defaultConfigurationIsVisible = 0;
			defaultConfigurationName = Release;
		};
		CD3EF4A11F1F74BA009036F2 /* Build configuration list for PBXNativeTarget "ZhongWenKaraokeTests" */ = {
			isa = XCConfigurationList;
			buildConfigurations = (
				CD3EF4A21F1F74BA009036F2 /* Debug */,
				CD3EF4A31F1F74BA009036F2 /* Release */,
			);
			defaultConfigurationIsVisible = 0;
			defaultConfigurationName = Release;
		};
		CD3EF4A41F1F74BA009036F2 /* Build configuration list for PBXNativeTarget "ZhongWenKaraokeUITests" */ = {
			isa = XCConfigurationList;
			buildConfigurations = (
				CD3EF4A51F1F74BA009036F2 /* Debug */,
				CD3EF4A61F1F74BA009036F2 /* Release */,
			);
			defaultConfigurationIsVisible = 0;
			defaultConfigurationName = Release;
		};
/* End XCConfigurationList section */
	};
	rootObject = CD3EF46E1F1F74BA009036F2 /* Project object */;
}
