PODS:
  - Alamofire (4.5.0)
  - ChameleonFramework/Default (2.1.0)
  - ChameleonFramework/Swift (2.1.0):
    - ChameleonFramework/Default
  - Jukebox (0.2.1)
  - Kanna (2.2.1)
  - Kingfisher (3.10.3)
  - OHHTTPStubs/Core (6.0.0)
  - OHHTTPStubs/Default (6.0.0):
    - OHHTTPStubs/Core
    - OHHTTPStubs/JSON
    - OHHTTPStubs/NSURLSession
    - OHHTTPStubs/OHPathHelpers
  - OHHTTPStubs/JSON (6.0.0):
    - OHHTTPStubs/Core
  - OHHTTPStubs/NSURLSession (6.0.0):
    - OHHTTPStubs/Core
  - OHHTTPStubs/OHPathHelpers (6.0.0)
  - OHHTTPStubs/Swift (6.0.0):
    - OHHTTPStubs/Default
  - Pantry (0.3)
  - RxBlocking (3.6.0):
    - RxSwift (~> 3.6)
  - RxCocoa (3.6.0):
    - RxSwift (~> 3.6)
  - RxSwift (3.6.0)
  - RxTest (3.6.0):
    - RxSwift (~> 3.6)
  - SideMenu (2.3.3)

DEPENDENCIES:
  - Alamofire
  - ChameleonFramework/Swift (from `https://github.com/ViccAlexander/Chameleon.git`)
  - Jukebox
  - Kanna
  - Kingfisher (~> 3.0)
  - OHHTTPStubs/Swift
  - Pantry
  - RxBlocking (~> 3.0)
  - RxCocoa (~> 3.0)
  - RxSwift (~> 3.0)
  - RxTest (~> 3.0)
  - SideMenu

EXTERNAL SOURCES:
  ChameleonFramework:
    :git: https://github.com/ViccAlexander/Chameleon.git

CHECKOUT OPTIONS:
  ChameleonFramework:
    :commit: 6dd284bde21ea2e7f9fd89bc36f40df16e16369d
    :git: https://github.com/ViccAlexander/Chameleon.git

SPEC CHECKSUMS:
  Alamofire: f28cdffd29de33a7bfa022cbd63ae95a27fae140
  ChameleonFramework: d21a3cc247abfe5e37609a283a8238b03575cf64
  Jukebox: 81db618ccd3a1cc9b154f4ae0f5c4b54638666dd
  Kanna: 182789ab065e8f9a6ccc2a74ce6283d3401c0c4a
  Kingfisher: a0ac82dc5bcf0388dd74b294cf2cc13730c63436
  OHHTTPStubs: 752f9b11fd810a15162d50f11c06ff94f8e012eb
  Pantry: 98481849be65d2b2cb9658976533e84ebd266192
  RxBlocking: 4c3893acc11d26965f7532fff1e35626a4db6f6c
  RxCocoa: cb865569239ebf1b1434056e5c8859d99dff103a
  RxSwift: a0925c7fb11fbe60055285f6f2062241aa37a175
  RxTest: 9cf69fa8f33e43cfcb154ad9b78f54afeb877423
  SideMenu: a447554ae5c982e8077666389e1c8b0c8656e065

PODFILE CHECKSUM: fb348a267ec55632c33610fae23c98469c55bbbb

COCOAPODS: 1.2.1
